
Microsoft Visual Studio Solution File, Format Version 12.00
# Visual Studio Version 16
VisualStudioVersion = 16.0.28729.10
MinimumVisualStudioVersion = 10.0.40219.1
Project("{FAE04EC0-301F-11D3-BF4B-00C04F79EFBC}") = "Programista.MainSite.Server", "Programista.MainSite.Server\Programista.MainSite.Server.csproj", "{F5D7CE1B-88C0-4AB0-848B-546D2A1EBBD0}"
EndProject
Project("{FAE04EC0-301F-11D3-BF4B-00C04F79EFBC}") = "Programista.MainSite.Client", "Programista.MainSite.Client\Programista.MainSite.Client.csproj", "{D2D66BC8-5B56-4D32-8A79-FF89FEC40427}"
EndProject
Project("{FAE04EC0-301F-11D3-BF4B-00C04F79EFBC}") = "Programista.MainSite.Shared", "Programista.MainSite.Shared\Programista.MainSite.Shared.csproj", "{94E9931A-EFE5-438D-A430-3E92E28FFF4A}"
EndProject
Global
	GlobalSection(SolutionConfigurationPlatforms) = preSolution
		Debug|Any CPU = Debug|Any CPU
		Release|Any CPU = Release|Any CPU
	EndGlobalSection
	GlobalSection(ProjectConfigurationPlatforms) = postSolution
		{F5D7CE1B-88C0-4AB0-848B-546D2A1EBBD0}.Debug|Any CPU.ActiveCfg = Debug|Any CPU
		{F5D7CE1B-88C0-4AB0-848B-546D2A1EBBD0}.Debug|Any CPU.Build.0 = Debug|Any CPU
		{F5D7CE1B-88C0-4AB0-848B-546D2A1EBBD0}.Release|Any CPU.ActiveCfg = Release|Any CPU
		{F5D7CE1B-88C0-4AB0-848B-546D2A1EBBD0}.Release|Any CPU.Build.0 = Release|Any CPU
		{D2D66BC8-5B56-4D32-8A79-FF89FEC40427}.Debug|Any CPU.ActiveCfg = Debug|Any CPU
		{D2D66BC8-5B56-4D32-8A79-FF89FEC40427}.Debug|Any CPU.Build.0 = Debug|Any CPU
		{D2D66BC8-5B56-4D32-8A79-FF89FEC40427}.Release|Any CPU.ActiveCfg = Release|Any CPU
		{D2D66BC8-5B56-4D32-8A79-FF89FEC40427}.Release|Any CPU.Build.0 = Release|Any CPU
		{94E9931A-EFE5-438D-A430-3E92E28FFF4A}.Debug|Any CPU.ActiveCfg = Debug|Any CPU
		{94E9931A-EFE5-438D-A430-3E92E28FFF4A}.Debug|Any CPU.Build.0 = Debug|Any CPU
		{94E9931A-EFE5-438D-A430-3E92E28FFF4A}.Release|Any CPU.ActiveCfg = Release|Any CPU
		{94E9931A-EFE5-438D-A430-3E92E28FFF4A}.Release|Any CPU.Build.0 = Release|Any CPU
	EndGlobalSection
	GlobalSection(SolutionProperties) = preSolution
		HideSolutionNode = FALSE
	EndGlobalSection
	GlobalSection(ExtensibilityGlobals) = postSolution
		SolutionGuid = {9723EE39-C9D3-492A-99A5-65472C9830FA}
	EndGlobalSection
EndGlobal
